
Microsoft Visual Studio Solution File, Format Version 12.00
# Visual Studio Version 17
VisualStudioVersion = 17.2.32630.192
MinimumVisualStudioVersion = 10.0.40219.1
Project("{FAE04EC0-301F-11D3-BF4B-00C04F79EFBC}") = "EtutStajProje", "EtutStajProje\EtutStajProje.csproj", "{05430A86-1BE5-447D-B296-05409EEB8BEC}"
EndProject
Global
	GlobalSection(SolutionConfigurationPlatforms) = preSolution
		Debug|Any CPU = Debug|Any CPU
		Release|Any CPU = Release|Any CPU
	EndGlobalSection
	GlobalSection(ProjectConfigurationPlatforms) = postSolution
		{05430A86-1BE5-447D-B296-05409EEB8BEC}.Debug|Any CPU.ActiveCfg = Debug|Any CPU
		{05430A86-1BE5-447D-B296-05409EEB8BEC}.Debug|Any CPU.Build.0 = Debug|Any CPU
		{05430A86-1BE5-447D-B296-05409EEB8BEC}.Release|Any CPU.ActiveCfg = Release|Any CPU
		{05430A86-1BE5-447D-B296-05409EEB8BEC}.Release|Any CPU.Build.0 = Release|Any CPU
	EndGlobalSection
	GlobalSection(SolutionProperties) = preSolution
		HideSolutionNode = FALSE
	EndGlobalSection
	GlobalSection(ExtensibilityGlobals) = postSolution
		SolutionGuid = {66282E3F-C5D1-48BF-8296-6780DB570296}
	EndGlobalSection
EndGlobal
